{
  "version": "2",
  "remote": {},
  "npm": {
    "specifiers": {
      "@types/node": "@types/node@18.16.19"
    },
    "packages": {
      "@types/node@18.16.19": {
        "integrity": "sha512-IXl7o+R9iti9eBW4Wg2hx1xQDig183jj7YLn8F7udNceyfkbn1ZxmzZXuak20gR40D7pIkIY1kYGx5VIGbaHKA==",
        "dependencies": {}
      }
    }
  }
}
