{
  "version": "4",
  "specifiers": {
    "jsr:@deno/cache-dir@~0.13.2": "0.13.2",
    "jsr:@deno/graph@~0.73.1": "0.73.1",
    "jsr:@std/assert@0.223": "0.223.0",
    "jsr:@std/assert@^1.0.7": "1.0.7",
    "jsr:@std/async@^1.0.8": "1.0.8",
    "jsr:@std/bytes@0.223": "0.223.0",
    "jsr:@std/data-structures@^1.0.4": "1.0.4",
    "jsr:@std/fmt@0.223": "0.223.0",
    "jsr:@std/fs@0.223": "0.223.0",
    "jsr:@std/fs@^1.0.5": "1.0.5",
    "jsr:@std/internal@^1.0.5": "1.0.5",
    "jsr:@std/io@0.223": "0.223.0",
    "jsr:@std/path@0.223": "0.223.0",
    "jsr:@std/path@^1.0.7": "1.0.8",
    "jsr:@std/path@^1.0.8": "1.0.8",
    "jsr:@std/testing@^1.0.4": "1.0.4",
    "npm:@hexagon/base64@^1.1.27": "1.1.28",
    "npm:@levischuck/tiny-cbor@~0.2.2": "0.2.2",
    "npm:@peculiar/asn1-android@^2.3.10": "2.3.13",
    "npm:@peculiar/asn1-ecc@^2.3.8": "2.3.14",
    "npm:@peculiar/asn1-rsa@^2.3.8": "2.3.13",
    "npm:@peculiar/asn1-schema@^2.3.8": "2.3.13",
    "npm:@peculiar/asn1-x509@^2.3.8": "2.3.13",
    "npm:cross-fetch@4": "4.0.0",
    "npm:jsdom@^25.0.1": "25.0.1",
    "npm:ts-morph@24": "24.0.0",
    "npm:typescript@^5.6.3": "5.6.3"
  },
  "jsr": {
    "@deno/cache-dir@0.13.2": {
      "integrity": "c22419dfe27ab85f345bee487aaaadba498b005cce3644e9d2528db035c5454d",
      "dependencies": [
        "jsr:@deno/graph",
        "jsr:@std/fmt",
        "jsr:@std/fs@0.223",
        "jsr:@std/io",
        "jsr:@std/path@0.223"
      ]
    },
    "@deno/graph@0.73.1": {
      "integrity": "cd69639d2709d479037d5ce191a422eabe8d71bb68b0098344f6b07411c84d41"
    },
    "@std/assert@0.223.0": {
      "integrity": "eb8d6d879d76e1cc431205bd346ed4d88dc051c6366365b1af47034b0670be24"
    },
    "@std/assert@1.0.7": {
      "integrity": "64ce9fac879e0b9f3042a89b3c3f8ccfc9c984391af19e2087513a79d73e28c3",
      "dependencies": [
        "jsr:@std/internal"
      ]
    },
    "@std/async@1.0.8": {
      "integrity": "c057c5211a0f1d12e7dcd111ab430091301b8d64b4250052a79d277383bc3ba7"
    },
    "@std/bytes@0.223.0": {
      "integrity": "84b75052cd8680942c397c2631318772b295019098f40aac5c36cead4cba51a8"
    },
    "@std/data-structures@1.0.4": {
      "integrity": "fa0e20c11eb9ba673417450915c750a0001405a784e2a4e0c3725031681684a0"
    },
    "@std/fmt@0.223.0": {
      "integrity": "6deb37794127dfc7d7bded2586b9fc6f5d50e62a8134846608baf71ffc1a5208"
    },
    "@std/fs@0.223.0": {
      "integrity": "3b4b0550b2c524cbaaa5a9170c90e96cbb7354e837ad1bdaf15fc9df1ae9c31c"
    },
    "@std/fs@1.0.5": {
      "integrity": "41806ad6823d0b5f275f9849a2640d87e4ef67c51ee1b8fb02426f55e02fd44e",
      "dependencies": [
        "jsr:@std/path@^1.0.7"
      ]
    },
    "@std/internal@1.0.5": {
      "integrity": "54a546004f769c1ac9e025abd15a76b6671ddc9687e2313b67376125650dc7ba"
    },
    "@std/io@0.223.0": {
      "integrity": "2d8c3c2ab3a515619b90da2c6ff5ea7b75a94383259ef4d02116b228393f84f1",
      "dependencies": [
        "jsr:@std/assert@0.223",
        "jsr:@std/bytes"
      ]
    },
    "@std/path@0.223.0": {
      "integrity": "593963402d7e6597f5a6e620931661053572c982fc014000459edc1f93cc3989",
      "dependencies": [
        "jsr:@std/assert@0.223"
      ]
    },
    "@std/path@1.0.8": {
      "integrity": "548fa456bb6a04d3c1a1e7477986b6cffbce95102d0bb447c67c4ee70e0364be"
    },
    "@std/testing@1.0.4": {
      "integrity": "ca1368d720b183f572d40c469bb9faf09643ddd77b54f8b44d36ae6b94940576",
      "dependencies": [
        "jsr:@std/assert@^1.0.7",
        "jsr:@std/async",
        "jsr:@std/data-structures",
        "jsr:@std/fs@^1.0.5",
        "jsr:@std/internal",
        "jsr:@std/path@^1.0.8"
      ]
    }
  },
  "npm": {
    "@hexagon/base64@1.1.28": {
      "integrity": "sha512-lhqDEAvWixy3bZ+UOYbPwUbBkwBq5C1LAJ/xPC8Oi+lL54oyakv/npbA0aU2hgCsx/1NUd4IBvV03+aUBWxerw=="
    },
    "@levischuck/tiny-cbor@0.2.2": {
      "integrity": "sha512-f5CnPw997Y2GQ8FAvtuVVC19FX8mwNNC+1XJcIi16n/LTJifKO6QBgGLgN3YEmqtGMk17SKSuoWES3imJVxAVw=="
    },
    "@peculiar/asn1-android@2.3.13": {
      "integrity": "sha512-0VTNazDGKrLS6a3BwTDZanqq6DR/I3SbvmDMuS8Be+OYpvM6x1SRDh9AGDsHVnaCOIztOspCPc6N1m+iUv1Xxw==",
      "dependencies": [
        "@peculiar/asn1-schema",
        "asn1js",
        "tslib"
      ]
    },
    "@peculiar/asn1-ecc@2.3.14": {
      "integrity": "sha512-zWPyI7QZto6rnLv6zPniTqbGaLh6zBpJyI46r1yS/bVHJXT2amdMHCRRnbV5yst2H8+ppXG6uXu/M6lKakiQ8w==",
      "dependencies": [
        "@peculiar/asn1-schema",
        "@peculiar/asn1-x509",
        "asn1js",
        "tslib"
      ]
    },
    "@peculiar/asn1-rsa@2.3.13": {
      "integrity": "sha512-wBNQqCyRtmqvXkGkL4DR3WxZhHy8fDiYtOjTeCd7SFE5F6GBeafw3EJ94PX/V0OJJrjQ40SkRY2IZu3ZSyBqcg==",
      "dependencies": [
        "@peculiar/asn1-schema",
        "@peculiar/asn1-x509",
        "asn1js",
        "tslib"
      ]
    },
    "@peculiar/asn1-schema@2.3.13": {
      "integrity": "sha512-3Xq3a01WkHRZL8X04Zsfg//mGaA21xlL4tlVn4v2xGT0JStiztATRkMwa5b+f/HXmY2smsiLXYK46Gwgzvfg3g==",
      "dependencies": [
        "asn1js",
        "pvtsutils",
        "tslib"
      ]
    },
    "@peculiar/asn1-x509@2.3.13": {
      "integrity": "sha512-PfeLQl2skXmxX2/AFFCVaWU8U6FKW1Db43mgBhShCOFS1bVxqtvusq1hVjfuEcuSQGedrLdCSvTgabluwN/M9A==",
      "dependencies": [
        "@peculiar/asn1-schema",
        "asn1js",
        "ipaddr.js",
        "pvtsutils",
        "tslib"
      ]
    },
    "@ts-morph/common@0.25.0": {
      "integrity": "sha512-kMnZz+vGGHi4GoHnLmMhGNjm44kGtKUXGnOvrKmMwAuvNjM/PgKVGfUnL7IDvK7Jb2QQ82jq3Zmp04Gy+r3Dkg==",
      "dependencies": [
        "minimatch",
        "path-browserify",
        "tinyglobby"
      ]
    },
    "agent-base@7.1.1": {
      "integrity": "sha512-H0TSyFNDMomMNJQBn8wFV5YC/2eJ+VXECwOadZJT554xP6cODZHPX3H9QMQECxvrgiSOP1pHjy1sMWQVYJOUOA==",
      "dependencies": [
        "debug"
      ]
    },
    "asn1js@3.0.5": {
      "integrity": "sha512-FVnvrKJwpt9LP2lAMl8qZswRNm3T4q9CON+bxldk2iwk3FFpuwhx2FfinyitizWHsVYyaY+y5JzDR0rCMV5yTQ==",
      "dependencies": [
        "pvtsutils",
        "pvutils",
        "tslib"
      ]
    },
    "asynckit@0.4.0": {
      "integrity": "sha512-Oei9OH4tRh0YqU3GxhX79dM/mwVgvbZJaSNaRk+bshkj0S5cfHcgYakreBjrHwatXKbz+IoIdYLxrKim2MjW0Q=="
    },
    "balanced-match@1.0.2": {
      "integrity": "sha512-3oSeUO0TMV67hN1AmbXsK4yaqU7tjiHlbxRDZOpH0KW9+CeX4bRAaX0Anxt0tx2MrpRpWwQaPwIlISEJhYU5Pw=="
    },
    "brace-expansion@2.0.1": {
      "integrity": "sha512-XnAIvQ8eM+kC6aULx6wuQiwVsnzsi9d3WxzV3FpWTGA19F621kwdbsAcFKXgKUHZWsy+mY6iL1sHTxWEFCytDA==",
      "dependencies": [
        "balanced-match"
      ]
    },
    "code-block-writer@13.0.3": {
      "integrity": "sha512-Oofo0pq3IKnsFtuHqSF7TqBfr71aeyZDVJ0HpmqB7FBM2qEigL0iPONSCZSO9pE9dZTAxANe5XHG9Uy0YMv8cg=="
    },
    "combined-stream@1.0.8": {
      "integrity": "sha512-FQN4MRfuJeHf7cBbBMJFXhKSDq+2kAArBlmRBvcvFE5BB1HZKXtSFASDhdlz9zOYwxh8lDdnvmMOe/+5cdoEdg==",
      "dependencies": [
        "delayed-stream"
      ]
    },
    "cross-fetch@4.0.0": {
      "integrity": "sha512-e4a5N8lVvuLgAWgnCrLr2PP0YyDOTHa9H/Rj54dirp61qXnNq46m82bRhNqIA5VccJtWBvPTFRV3TtvHUKPB1g==",
      "dependencies": [
        "node-fetch"
      ]
    },
    "cssstyle@4.1.0": {
      "integrity": "sha512-h66W1URKpBS5YMI/V8PyXvTMFT8SupJ1IzoIV8IeBC/ji8WVmrO8dGlTi+2dh6whmdk6BiKJLD/ZBkhWbcg6nA==",
      "dependencies": [
        "rrweb-cssom"
      ]
    },
    "data-urls@5.0.0": {
      "integrity": "sha512-ZYP5VBHshaDAiVZxjbRVcFJpc+4xGgT0bK3vzy1HLN8jTO975HEbuYzZJcHoQEY5K1a0z8YayJkyVETa08eNTg==",
      "dependencies": [
        "whatwg-mimetype",
        "whatwg-url@14.0.0"
      ]
    },
    "debug@4.3.7": {
      "integrity": "sha512-Er2nc/H7RrMXZBFCEim6TCmMk02Z8vLC2Rbi1KEBggpo0fS6l0S1nnapwmIi3yW/+GOJap1Krg4w0Hg80oCqgQ==",
      "dependencies": [
        "ms"
      ]
    },
    "decimal.js@10.4.3": {
      "integrity": "sha512-VBBaLc1MgL5XpzgIP7ny5Z6Nx3UrRkIViUkPUdtl9aya5amy3De1gsUUSB1g3+3sExYNjCAsAznmukyxCb1GRA=="
    },
    "delayed-stream@1.0.0": {
      "integrity": "sha512-ZySD7Nf91aLB0RxL4KGrKHBXl7Eds1DAmEdcoVawXnLD7SDhpNgtuII2aAkg7a7QS41jxPSZ17p4VdGnMHk3MQ=="
    },
    "entities@4.5.0": {
      "integrity": "sha512-V0hjH4dGPh9Ao5p0MoRY6BVqtwCjhz6vI5LT8AJ55H+4g9/4vbHx1I54fS0XuclLhDHArPQCiMjDxjaL8fPxhw=="
    },
    "fdir@6.4.2_picomatch@4.0.2": {
      "integrity": "sha512-KnhMXsKSPZlAhp7+IjUkRZKPb4fUyccpDrdFXbi4QL1qkmFh9kVY09Yox+n4MaOb3lHZ1Tv829C3oaaXoMYPDQ==",
      "dependencies": [
        "picomatch"
      ]
    },
    "form-data@4.0.1": {
      "integrity": "sha512-tzN8e4TX8+kkxGPK8D5u0FNmjPUjw3lwC9lSLxxoB/+GtsJG91CO8bSWy73APlgAZzZbXEYZJuxjkHH2w+Ezhw==",
      "dependencies": [
        "asynckit",
        "combined-stream",
        "mime-types"
      ]
    },
    "html-encoding-sniffer@4.0.0": {
      "integrity": "sha512-Y22oTqIU4uuPgEemfz7NDJz6OeKf12Lsu+QC+s3BVpda64lTiMYCyGwg5ki4vFxkMwQdeZDl2adZoqUgdFuTgQ==",
      "dependencies": [
        "whatwg-encoding"
      ]
    },
    "http-proxy-agent@7.0.2": {
      "integrity": "sha512-T1gkAiYYDWYx3V5Bmyu7HcfcvL7mUrTWiM6yOfa3PIphViJ/gFPbvidQ+veqSOHci/PxBcDabeUNCzpOODJZig==",
      "dependencies": [
        "agent-base",
        "debug"
      ]
    },
    "https-proxy-agent@7.0.5": {
      "integrity": "sha512-1e4Wqeblerz+tMKPIq2EMGiiWW1dIjZOksyHWSUm1rmuvw/how9hBHZ38lAGj5ID4Ik6EdkOw7NmWPy6LAwalw==",
      "dependencies": [
        "agent-base",
        "debug"
      ]
    },
    "iconv-lite@0.6.3": {
      "integrity": "sha512-4fCk79wshMdzMp2rH06qWrJE4iolqLhCUH+OiuIgU++RB0+94NlDL81atO7GX55uUKueo0txHNtvEyI6D7WdMw==",
      "dependencies": [
        "safer-buffer"
      ]
    },
    "ipaddr.js@2.2.0": {
      "integrity": "sha512-Ag3wB2o37wslZS19hZqorUnrnzSkpOVy+IiiDEiTqNubEYpYuHWIf6K4psgN2ZWKExS4xhVCrRVfb/wfW8fWJA=="
    },
    "is-potential-custom-element-name@1.0.1": {
      "integrity": "sha512-bCYeRA2rVibKZd+s2625gGnGF/t7DSqDs4dP7CrLA1m7jKWz6pps0LpYLJN8Q64HtmPKJ1hrN3nzPNKFEKOUiQ=="
    },
    "jsdom@25.0.1": {
      "integrity": "sha512-8i7LzZj7BF8uplX+ZyOlIz86V6TAsSs+np6m1kpW9u0JWi4z/1t+FzcK1aek+ybTnAC4KhBL4uXCNT0wcUIeCw==",
      "dependencies": [
        "cssstyle",
        "data-urls",
        "decimal.js",
        "form-data",
        "html-encoding-sniffer",
        "http-proxy-agent",
        "https-proxy-agent",
        "is-potential-custom-element-name",
        "nwsapi",
        "parse5",
        "rrweb-cssom",
        "saxes",
        "symbol-tree",
        "tough-cookie",
        "w3c-xmlserializer",
        "webidl-conversions@7.0.0",
        "whatwg-encoding",
        "whatwg-mimetype",
        "whatwg-url@14.0.0",
        "ws",
        "xml-name-validator"
      ]
    },
    "mime-db@1.52.0": {
      "integrity": "sha512-sPU4uV7dYlvtWJxwwxHD0PuihVNiE7TyAbQ5SWxDCB9mUYvOgroQOwYQQOKPJ8CIbE+1ETVlOoK1UC2nU3gYvg=="
    },
    "mime-types@2.1.35": {
      "integrity": "sha512-ZDY+bPm5zTTF+YpCrAU9nK0UgICYPT0QtT1NZWFv4s++TNkcgVaT0g6+4R2uI4MjQjzysHB1zxuWL50hzaeXiw==",
      "dependencies": [
        "mime-db"
      ]
    },
    "minimatch@9.0.5": {
      "integrity": "sha512-G6T0ZX48xgozx7587koeX9Ys2NYy6Gmv//P89sEte9V9whIapMNF4idKxnW2QtCcLiTWlb/wfCabAtAFWhhBow==",
      "dependencies": [
        "brace-expansion"
      ]
    },
    "ms@2.1.3": {
      "integrity": "sha512-6FlzubTLZG3J2a/NVCAleEhjzq5oxgHyaCU9yYXvcLsvoVaHJq/s5xXI6/XXP6tz7R9xAOtHnSO/tXtF3WRTlA=="
    },
    "node-fetch@2.7.0": {
      "integrity": "sha512-c4FRfUm/dbcWZ7U+1Wq0AwCyFL+3nt2bEw05wfxSz+DWpWsitgmSgYmy2dQdWyKC1694ELPqMs/YzUSNozLt8A==",
      "dependencies": [
        "whatwg-url@5.0.0"
      ]
    },
    "nwsapi@2.2.13": {
      "integrity": "sha512-cTGB9ptp9dY9A5VbMSe7fQBcl/tt22Vcqdq8+eN93rblOuE0aCFu4aZ2vMwct/2t+lFnosm8RkQW1I0Omb1UtQ=="
    },
    "parse5@7.2.1": {
      "integrity": "sha512-BuBYQYlv1ckiPdQi/ohiivi9Sagc9JG+Ozs0r7b/0iK3sKmrb0b9FdWdBbOdx6hBCM/F9Ir82ofnBhtZOjCRPQ==",
      "dependencies": [
        "entities"
      ]
    },
    "path-browserify@1.0.1": {
      "integrity": "sha512-b7uo2UCUOYZcnF/3ID0lulOJi/bafxa1xPe7ZPsammBSpjSWQkjNxlt635YGS2MiR9GjvuXCtz2emr3jbsz98g=="
    },
    "picomatch@4.0.2": {
      "integrity": "sha512-M7BAV6Rlcy5u+m6oPhAPFgJTzAioX/6B0DxyvDlo9l8+T3nLKbrczg2WLUyzd45L8RqfUMyGPzekbMvX2Ldkwg=="
    },
    "punycode@2.3.1": {
      "integrity": "sha512-vYt7UD1U9Wg6138shLtLOvdAu+8DsC/ilFtEVHcH+wydcSpNE20AfSOduf6MkRFahL5FY7X1oU7nKVZFtfq8Fg=="
    },
    "pvtsutils@1.3.5": {
      "integrity": "sha512-ARvb14YB9Nm2Xi6nBq1ZX6dAM0FsJnuk+31aUp4TrcZEdKUlSqOqsxJHUPJDNE3qiIp+iUPEIeR6Je/tgV7zsA==",
      "dependencies": [
        "tslib"
      ]
    },
    "pvutils@1.1.3": {
      "integrity": "sha512-pMpnA0qRdFp32b1sJl1wOJNxZLQ2cbQx+k6tjNtZ8CpvVhNqEPRgivZ2WOUev2YMajecdH7ctUPDvEe87nariQ=="
    },
    "rrweb-cssom@0.7.1": {
      "integrity": "sha512-TrEMa7JGdVm0UThDJSx7ddw5nVm3UJS9o9CCIZ72B1vSyEZoziDqBYP3XIoi/12lKrJR8rE3jeFHMok2F/Mnsg=="
    },
    "safer-buffer@2.1.2": {
      "integrity": "sha512-YZo3K82SD7Riyi0E1EQPojLz7kpepnSQI9IyPbHHg1XXXevb5dJI7tpyN2ADxGcQbHG7vcyRHk0cbwqcQriUtg=="
    },
    "saxes@6.0.0": {
      "integrity": "sha512-xAg7SOnEhrm5zI3puOOKyy1OMcMlIJZYNJY7xLBwSze0UjhPLnWfj2GF2EpT0jmzaJKIWKHLsaSSajf35bcYnA==",
      "dependencies": [
        "xmlchars"
      ]
    },
    "symbol-tree@3.2.4": {
      "integrity": "sha512-9QNk5KwDF+Bvz+PyObkmSYjI5ksVUYtjW7AU22r2NKcfLJcXp96hkDWU3+XndOsUb+AQ9QhfzfCT2O+CNWT5Tw=="
    },
    "tinyglobby@0.2.10_picomatch@4.0.2": {
      "integrity": "sha512-Zc+8eJlFMvgatPZTl6A9L/yht8QqdmUNtURHaKZLmKBE12hNPSrqNkUp2cs3M/UKmNVVAMFQYSjYIVHDjW5zew==",
      "dependencies": [
        "fdir",
        "picomatch"
      ]
    },
    "tldts-core@6.1.58": {
      "integrity": "sha512-dR936xmhBm7AeqHIhCWwK765gZ7dFyL+IqLSFAjJbFlUXGMLCb8i2PzlzaOuWBuplBTaBYseSb565nk/ZEM0Bg=="
    },
    "tldts@6.1.58": {
      "integrity": "sha512-MQJrJhjHOYGYb8DobR6Y4AdDbd4TYkyQ+KBDVc5ODzs1cbrvPpfN1IemYi9jfipJ/vR1YWvrDli0hg1y19VRoA==",
      "dependencies": [
        "tldts-core"
      ]
    },
    "tough-cookie@5.0.0": {
      "integrity": "sha512-FRKsF7cz96xIIeMZ82ehjC3xW2E+O2+v11udrDYewUbszngYhsGa8z6YUMMzO9QJZzzyd0nGGXnML/TReX6W8Q==",
      "dependencies": [
        "tldts"
      ]
    },
    "tr46@0.0.3": {
      "integrity": "sha512-N3WMsuqV66lT30CrXNbEjx4GEwlow3v6rr4mCcv6prnfwhS01rkgyFdjPNBYd9br7LpXV1+Emh01fHnq2Gdgrw=="
    },
    "tr46@5.0.0": {
      "integrity": "sha512-tk2G5R2KRwBd+ZN0zaEXpmzdKyOYksXwywulIX95MBODjSzMIuQnQ3m8JxgbhnL1LeVo7lqQKsYa1O3Htl7K5g==",
      "dependencies": [
        "punycode"
      ]
    },
    "ts-morph@24.0.0": {
      "integrity": "sha512-2OAOg/Ob5yx9Et7ZX4CvTCc0UFoZHwLEJ+dpDPSUi5TgwwlTlX47w+iFRrEwzUZwYACjq83cgjS/Da50Ga37uw==",
      "dependencies": [
        "@ts-morph/common",
        "code-block-writer"
      ]
    },
    "tslib@2.8.1": {
      "integrity": "sha512-oJFu94HQb+KVduSUQL7wnpmqnfmLsOA/nAh6b6EH0wCEoK0/mPeXU6c3wKDV83MkOuHPRHtSXKKU99IBazS/2w=="
    },
    "typescript@5.6.3": {
      "integrity": "sha512-hjcS1mhfuyi4WW8IWtjP7brDrG2cuDZukyrYrSauoXGNgx0S7zceP07adYkJycEr56BOUTNPzbInooiN3fn1qw=="
    },
    "w3c-xmlserializer@5.0.0": {
      "integrity": "sha512-o8qghlI8NZHU1lLPrpi2+Uq7abh4GGPpYANlalzWxyWteJOCsr/P+oPBA49TOLu5FTZO4d3F9MnWJfiMo4BkmA==",
      "dependencies": [
        "xml-name-validator"
      ]
    },
    "webidl-conversions@3.0.1": {
      "integrity": "sha512-2JAn3z8AR6rjK8Sm8orRC0h/bcl/DqL7tRPdGZ4I1CjdF+EaMLmYxBHyXuKL849eucPFhvBoxMsflfOb8kxaeQ=="
    },
    "webidl-conversions@7.0.0": {
      "integrity": "sha512-VwddBukDzu71offAQR975unBIGqfKZpM+8ZX6ySk8nYhVoo5CYaZyzt3YBvYtRtO+aoGlqxPg/B87NGVZ/fu6g=="
    },
    "whatwg-encoding@3.1.1": {
      "integrity": "sha512-6qN4hJdMwfYBtE3YBTTHhoeuUrDBPZmbQaxWAqSALV/MeEnR5z1xd8UKud2RAkFoPkmB+hli1TZSnyi84xz1vQ==",
      "dependencies": [
        "iconv-lite"
      ]
    },
    "whatwg-mimetype@4.0.0": {
      "integrity": "sha512-QaKxh0eNIi2mE9p2vEdzfagOKHCcj1pJ56EEHGQOVxp8r9/iszLUUV7v89x9O1p/T+NlTM5W7jW6+cz4Fq1YVg=="
    },
    "whatwg-url@14.0.0": {
      "integrity": "sha512-1lfMEm2IEr7RIV+f4lUNPOqfFL+pO+Xw3fJSqmjX9AbXcXcYOkCe1P6+9VBZB6n94af16NfZf+sSk0JCBZC9aw==",
      "dependencies": [
        "tr46@5.0.0",
        "webidl-conversions@7.0.0"
      ]
    },
    "whatwg-url@5.0.0": {
      "integrity": "sha512-saE57nupxk6v3HY35+jzBwYa0rKSy0XR8JSxZPwgLr7ys0IBzhGviA1/TUGJLmSVqs8pb9AnvICXEuOHLprYTw==",
      "dependencies": [
        "tr46@0.0.3",
        "webidl-conversions@3.0.1"
      ]
    },
    "ws@8.18.0": {
      "integrity": "sha512-8VbfWfHLbbwu3+N6OKsOMpBdT4kXPDDB9cJk2bJ6mh9ucxdlnNvH1e+roYkKmN9Nxw2yjz7VzeO9oOz2zJ04Pw=="
    },
    "xml-name-validator@5.0.0": {
      "integrity": "sha512-EvGK8EJ3DhaHfbRlETOWAS5pO9MZITeauHKJyb8wyajUfQUenkIg2MvLDTZ4T/TgIcm3HU0TFBgWWboAZ30UHg=="
    },
    "xmlchars@2.2.0": {
      "integrity": "sha512-JZnDKK8B0RCDw84FNdDAIpZK+JuJw+s7Lz8nksI7SIuU3UXJJslUthsi+uWBUYOwPFwW7W7PRLRfUKpxjtjFCw=="
    }
  },
  "workspace": {
    "dependencies": [
      "jsr:@deno/cache-dir@~0.13.2",
      "jsr:@std/assert@^1.0.7",
      "jsr:@std/path@^1.0.8",
      "jsr:@std/testing@^1.0.4",
      "npm:jsdom@^25.0.1",
      "npm:ts-morph@24",
      "npm:typescript@^5.6.3"
    ],
    "members": {
      "packages/browser": {
        "dependencies": [
          "jsr:@simplewebauthn/types@^11.0.0-alpha1"
        ]
      },
      "packages/server": {
        "dependencies": [
          "jsr:@simplewebauthn/types@^11.0.0-alpha1",
          "npm:@hexagon/base64@^1.1.27",
          "npm:@levischuck/tiny-cbor@~0.2.2",
          "npm:@peculiar/asn1-android@^2.3.10",
          "npm:@peculiar/asn1-ecc@^2.3.8",
          "npm:@peculiar/asn1-rsa@^2.3.8",
          "npm:@peculiar/asn1-schema@^2.3.8",
          "npm:@peculiar/asn1-x509@^2.3.8",
          "npm:cross-fetch@4"
        ]
      }
    }
  }
}
