{
  "version": "2",
  "remote": {
    "https://deno.land/x/cbor@v1.5.2/decode.js": "ab5518450c1cc3d8e3be7a772de8008d2a4f92626630eed6fabd66a25f565526",
    "https://deno.land/x/cbor@v1.5.2/encode.js": "80da1bb1c2936bba0b53e7e0945d73c5a55ed62ea659cf3d785514310b4e3d37",
    "https://deno.land/x/cbor@v1.5.2/index.js": "cc8678819d77aa34b6fa9293658d85d5e53e53eaf555f85b0f98a8a18dbfaa12",
    "https://deno.land/x/cbor@v1.5.2/iterators.js": "744e0469fe37c33bab3787608ced2f2cda014cb9352b3adbd949a2701f043aea"
  },
  "npm": {
    "specifiers": {
      "@peculiar/asn1-android@^2.3.3": "@peculiar/asn1-android@2.3.6",
      "@peculiar/asn1-ecc@^2.3.4": "@peculiar/asn1-ecc@2.3.6",
      "@peculiar/asn1-rsa@^2.3.4": "@peculiar/asn1-rsa@2.3.6",
      "@peculiar/asn1-schema@^2.3.3": "@peculiar/asn1-schema@2.3.6",
      "@peculiar/asn1-x509@^2.3.4": "@peculiar/asn1-x509@2.3.6",
      "@types/debug@^4.1.7": "@types/debug@4.1.8",
      "cross-fetch@^3.1.5": "cross-fetch@3.1.8",
      "debug@^4.3.2": "debug@4.3.4"
    },
    "packages": {
      "@peculiar/asn1-android@2.3.6": {
        "integrity": "sha512-zkYh4DsiRhiNfg6tWaUuRc+huwlb9XJbmeZLrjTz9v76UK1Ehq3EnfJFED6P3sdznW/nqWe46LoM9JrqxcD58g==",
        "dependencies": {
          "@peculiar/asn1-schema": "@peculiar/asn1-schema@2.3.6",
          "asn1js": "asn1js@3.0.5",
          "tslib": "tslib@2.6.1"
        }
      },
      "@peculiar/asn1-ecc@2.3.6": {
        "integrity": "sha512-Hu1xzMJQWv8/GvzOiinaE6XiD1/kEhq2C/V89UEoWeZ2fLUcGNIvMxOr/pMyL0OmpRWj/mhCTXOZp4PP+a0aTg==",
        "dependencies": {
          "@peculiar/asn1-schema": "@peculiar/asn1-schema@2.3.6",
          "@peculiar/asn1-x509": "@peculiar/asn1-x509@2.3.6",
          "asn1js": "asn1js@3.0.5",
          "tslib": "tslib@2.6.1"
        }
      },
      "@peculiar/asn1-rsa@2.3.6": {
        "integrity": "sha512-DswjJyAXZnvESuImGNTvbNKvh1XApBVqU+r3UmrFFTAI23gv62byl0f5OFKWTNhCf66WQrd3sklpsCZc/4+jwA==",
        "dependencies": {
          "@peculiar/asn1-schema": "@peculiar/asn1-schema@2.3.6",
          "@peculiar/asn1-x509": "@peculiar/asn1-x509@2.3.6",
          "asn1js": "asn1js@3.0.5",
          "tslib": "tslib@2.6.1"
        }
      },
      "@peculiar/asn1-schema@2.3.6": {
        "integrity": "sha512-izNRxPoaeJeg/AyH8hER6s+H7p4itk+03QCa4sbxI3lNdseQYCuxzgsuNK8bTXChtLTjpJz6NmXKA73qLa3rCA==",
        "dependencies": {
          "asn1js": "asn1js@3.0.5",
          "pvtsutils": "pvtsutils@1.3.3",
          "tslib": "tslib@2.6.1"
        }
      },
      "@peculiar/asn1-x509@2.3.6": {
        "integrity": "sha512-dRwX31R1lcbIdzbztiMvLNTDoGptxdV7HocNx87LfKU0fEWh7fTWJjx4oV+glETSy6heF/hJHB2J4RGB3vVSYg==",
        "dependencies": {
          "@peculiar/asn1-schema": "@peculiar/asn1-schema@2.3.6",
          "asn1js": "asn1js@3.0.5",
          "ipaddr.js": "ipaddr.js@2.1.0",
          "pvtsutils": "pvtsutils@1.3.3",
          "tslib": "tslib@2.6.1"
        }
      },
      "@types/debug@4.1.8": {
        "integrity": "sha512-/vPO1EPOs306Cvhwv7KfVfYvOJqA/S/AXjaHQiJboCZzcNDb+TIJFN9/2C9DZ//ijSKWioNyUxD792QmDJ+HKQ==",
        "dependencies": {
          "@types/ms": "@types/ms@0.7.31"
        }
      },
      "@types/ms@0.7.31": {
        "integrity": "sha512-iiUgKzV9AuaEkZqkOLDIvlQiL6ltuZd9tGcW3gwpnX8JbuiuhFlEGmmFXEXkN50Cvq7Os88IY2v0dkDqXYWVgA==",
        "dependencies": {}
      },
      "asn1js@3.0.5": {
        "integrity": "sha512-FVnvrKJwpt9LP2lAMl8qZswRNm3T4q9CON+bxldk2iwk3FFpuwhx2FfinyitizWHsVYyaY+y5JzDR0rCMV5yTQ==",
        "dependencies": {
          "pvtsutils": "pvtsutils@1.3.3",
          "pvutils": "pvutils@1.1.3",
          "tslib": "tslib@2.6.1"
        }
      },
      "cross-fetch@3.1.8": {
        "integrity": "sha512-cvA+JwZoU0Xq+h6WkMvAUqPEYy92Obet6UdKLfW60qn99ftItKjB5T+BkyWOFWe2pUyfQ+IJHmpOTznqk1M6Kg==",
        "dependencies": {
          "node-fetch": "node-fetch@2.6.12"
        }
      },
      "debug@4.3.4": {
        "integrity": "sha512-PRWFHuSU3eDtQJPvnNY7Jcket1j0t5OuOsFzPPzsekD52Zl8qUfFIPEiswXqIvHWGVHOgX+7G/vCNNhehwxfkQ==",
        "dependencies": {
          "ms": "ms@2.1.2"
        }
      },
      "ipaddr.js@2.1.0": {
        "integrity": "sha512-LlbxQ7xKzfBusov6UMi4MFpEg0m+mAm9xyNGEduwXMEDuf4WfzB/RZwMVYEd7IKGvh4IUkEXYxtAVu9T3OelJQ==",
        "dependencies": {}
      },
      "ms@2.1.2": {
        "integrity": "sha512-sGkPx+VjMtmA6MX27oA4FBFELFCZZ4S4XqeGOXCv68tT+jb3vk/RyaKWP0PTKyWtmLSM0b+adUTEvbs1PEaH2w==",
        "dependencies": {}
      },
      "node-fetch@2.6.12": {
        "integrity": "sha512-C/fGU2E8ToujUivIO0H+tpQ6HWo4eEmchoPIoXtxCrVghxdKq+QOHqEZW7tuP3KlV3bC8FRMO5nMCC7Zm1VP6g==",
        "dependencies": {
          "whatwg-url": "whatwg-url@5.0.0"
        }
      },
      "pvtsutils@1.3.3": {
        "integrity": "sha512-6sAOMlXyrJ+8tRN5IAaYfuYZRp1C2uJ0SyDynEFxL+VY8kCRib9Lpj/+KPaNFpaQWr/iRik5nrzz6iaNlxgEGA==",
        "dependencies": {
          "tslib": "tslib@2.6.1"
        }
      },
      "pvutils@1.1.3": {
        "integrity": "sha512-pMpnA0qRdFp32b1sJl1wOJNxZLQ2cbQx+k6tjNtZ8CpvVhNqEPRgivZ2WOUev2YMajecdH7ctUPDvEe87nariQ==",
        "dependencies": {}
      },
      "tr46@0.0.3": {
        "integrity": "sha512-N3WMsuqV66lT30CrXNbEjx4GEwlow3v6rr4mCcv6prnfwhS01rkgyFdjPNBYd9br7LpXV1+Emh01fHnq2Gdgrw==",
        "dependencies": {}
      },
      "tslib@2.6.1": {
        "integrity": "sha512-t0hLfiEKfMUoqhG+U1oid7Pva4bbDPHYfJNiB7BiIjRkj1pyC++4N3huJfqY6aRH6VTB0rvtzQwjM4K6qpfOig==",
        "dependencies": {}
      },
      "webidl-conversions@3.0.1": {
        "integrity": "sha512-2JAn3z8AR6rjK8Sm8orRC0h/bcl/DqL7tRPdGZ4I1CjdF+EaMLmYxBHyXuKL849eucPFhvBoxMsflfOb8kxaeQ==",
        "dependencies": {}
      },
      "whatwg-url@5.0.0": {
        "integrity": "sha512-saE57nupxk6v3HY35+jzBwYa0rKSy0XR8JSxZPwgLr7ys0IBzhGviA1/TUGJLmSVqs8pb9AnvICXEuOHLprYTw==",
        "dependencies": {
          "tr46": "tr46@0.0.3",
          "webidl-conversions": "webidl-conversions@3.0.1"
        }
      }
    }
  }
}
