{
  "name": "@simplewebauthn/server",
  "version": "0.10.2-alpha.0",
  "lockfileVersion": 1,
  "requires": true,
  "dependencies": {
    "@peculiar/asn1-android": {
      "version": "2.0.23",
      "resolved": "https://registry.npmjs.org/@peculiar/asn1-android/-/asn1-android-2.0.23.tgz",
      "integrity": "sha512-9kNdp67kImBqR6qttUZqFahUMyu44hTYOi+E6nN+BFfwKscW3sEwcPVWdS2uclvuOgV0FAflvqxPIooLACpDwA==",
      "requires": {
        "@peculiar/asn1-schema": "^2.0.23",
        "asn1js": "^2.0.26",
        "tslib": "^2.0.2"
      }
    },
    "@peculiar/asn1-schema": {
      "version": "2.0.23",
      "resolved": "https://registry.npmjs.org/@peculiar/asn1-schema/-/asn1-schema-2.0.23.tgz",
      "integrity": "sha512-dV1xQJiWTzwyjfAbvwTT+RTrS4UN9kPJuy92B6oGv572wPZxaoA8R+nxLX92jLz23L43CnLvxiBo+Rip59SWfw==",
      "requires": {
        "@types/asn1js": "^0.0.2",
        "asn1js": "^2.0.26",
        "pvtsutils": "^1.0.14",
        "tslib": "^2.0.2"
      }
    },
    "@peculiar/asn1-x509": {
      "version": "2.0.23",
      "resolved": "https://registry.npmjs.org/@peculiar/asn1-x509/-/asn1-x509-2.0.23.tgz",
      "integrity": "sha512-9tpiZirrWleYDhYT6MvDeQUWzvxz+oj8DzhQgcpY7Mq+5iPUv/+HS0NqPB7tPZOSmEHTKFisjO+YQrKefkO0qA==",
      "requires": {
        "@peculiar/asn1-schema": "^2.0.23",
        "asn1js": "^2.0.26",
        "ipaddr.js": "^2.0.0",
        "pvtsutils": "^1.0.14",
        "tslib": "^2.0.2"
      }
    },
    "@simplewebauthn/typescript-types": {
      "version": "file:../typescript-types"
    },
    "@types/asn1js": {
      "version": "0.0.2",
      "resolved": "https://registry.npmjs.org/@types/asn1js/-/asn1js-0.0.2.tgz",
      "integrity": "sha512-xtLPq140WhPqvDZDpY70rTx4qTezHs+8htbhWQGuevBRQko8FRjFSO5WVTwXOwd3W5tQRxJ7eni30fDUP2q4wQ==",
      "requires": {
        "@types/pvutils": "*"
      }
    },
    "@types/bn.js": {
      "version": "4.11.6",
      "resolved": "https://registry.npmjs.org/@types/bn.js/-/bn.js-4.11.6.tgz",
      "integrity": "sha512-pqr857jrp2kPuO9uRjZ3PwnJTjoQy+fcdxvBTvHm6dkmEL9q+hDD/2j/0ELOBPtPnS8LjCX0gI9nbl8lVkadpg==",
      "dev": true,
      "requires": {
        "@types/node": "*"
      }
    },
    "@types/cbor": {
      "version": "5.0.1",
      "resolved": "https://registry.npmjs.org/@types/cbor/-/cbor-5.0.1.tgz",
      "integrity": "sha512-zVqJy2KzusZPLOgyGJDnOIbu3DxIGGqxYbEwtEEe4Z+la8jwIhOyb+GMrlHafs5tvKruwf8f8qOYP6zTvse/pw==",
      "dev": true,
      "requires": {
        "@types/node": "*"
      }
    },
    "@types/elliptic": {
      "version": "6.4.12",
      "resolved": "https://registry.npmjs.org/@types/elliptic/-/elliptic-6.4.12.tgz",
      "integrity": "sha512-gP1KsqoouLJGH6IJa28x7PXb3cRqh83X8HCLezd2dF+XcAIMKYv53KV+9Zn6QA561E120uOqZBQ+Jy/cl+fviw==",
      "dev": true,
      "requires": {
        "@types/bn.js": "*"
      }
    },
    "@types/jsrsasign": {
      "version": "8.0.5",
      "resolved": "https://registry.npmjs.org/@types/jsrsasign/-/jsrsasign-8.0.5.tgz",
      "integrity": "sha512-WFkeZMTrRb+zu4x/Bb0etY6+uZOfKzytmKkC+WNQ1+0LkhySn6KYZJ3l7uisyJ0gY+K0VliCyZmRm+8xnqhxkQ==",
      "dev": true
    },
    "@types/jwk-to-pem": {
      "version": "2.0.0",
      "resolved": "https://registry.npmjs.org/@types/jwk-to-pem/-/jwk-to-pem-2.0.0.tgz",
      "integrity": "sha512-m7ZnE+iJodvhu9XNkMc/1CNkIg7432d/YSB8Qo/4TbD86rZ1GgkB4MVTNqIZG5RCtL0H4iVxiMT2OGTQDZEfHg==",
      "dev": true
    },
    "@types/node": {
      "version": "14.0.14",
      "resolved": "https://registry.npmjs.org/@types/node/-/node-14.0.14.tgz",
      "integrity": "sha512-syUgf67ZQpaJj01/tRTknkMNoBBLWJOBODF0Zm4NrXmiSuxjymFrxnTu1QVYRubhVkRcZLYZG8STTwJRdVm/WQ==",
      "dev": true
    },
    "@types/node-fetch": {
      "version": "2.5.7",
      "resolved": "https://registry.npmjs.org/@types/node-fetch/-/node-fetch-2.5.7.tgz",
      "integrity": "sha512-o2WVNf5UhWRkxlf6eq+jMZDu7kjgpgJfl4xVNlvryc95O/6F2ld8ztKX+qu+Rjyet93WAWm5LjeX9H5FGkODvw==",
      "dev": true,
      "requires": {
        "@types/node": "*",
        "form-data": "^3.0.0"
      }
    },
    "@types/node-rsa": {
      "version": "1.0.0",
      "resolved": "https://registry.npmjs.org/@types/node-rsa/-/node-rsa-1.0.0.tgz",
      "integrity": "sha512-9hTSXhGDKotpq5XCm+r7wMgt5gl6bGH6VS/sV9bsKda4JmJYyOCdTenSkTUh7zsOihm2oCm5o2ZdfpUIGYKLzQ==",
      "dev": true,
      "requires": {
        "@types/node": "*"
      }
    },
    "@types/pvutils": {
      "version": "0.0.2",
      "resolved": "https://registry.npmjs.org/@types/pvutils/-/pvutils-0.0.2.tgz",
      "integrity": "sha512-CgQAm7pjyeF3Gnv78ty4RBVIfluB+Td+2DR8iPaU0prF18pkzptHHP+DoKPfpsJYknKsVZyVsJEu5AuGgAqQ5w=="
    },
    "asn1": {
      "version": "0.2.4",
      "resolved": "https://registry.npmjs.org/asn1/-/asn1-0.2.4.tgz",
      "integrity": "sha512-jxwzQpLQjSmWXgwaCZE9Nz+glAG01yF1QnWgbhGwHI5A6FRIEY6IVqtHhIepHqI7/kyEyQEagBC5mBEFlIYvdg==",
      "requires": {
        "safer-buffer": "~2.1.0"
      }
    },
    "asn1.js": {
      "version": "5.4.1",
      "resolved": "https://registry.npmjs.org/asn1.js/-/asn1.js-5.4.1.tgz",
      "integrity": "sha512-+I//4cYPccV8LdmBLiX8CYvf9Sp3vQsrqu2QNXRcrbiWvcx/UdlFiqUJJzxRQxgsZmvhXhn4cSKeSmoFjVdupA==",
      "requires": {
        "bn.js": "^4.0.0",
        "inherits": "^2.0.1",
        "minimalistic-assert": "^1.0.0",
        "safer-buffer": "^2.1.0"
      }
    },
    "asn1js": {
      "version": "2.0.26",
      "resolved": "https://registry.npmjs.org/asn1js/-/asn1js-2.0.26.tgz",
      "integrity": "sha512-yG89F0j9B4B0MKIcFyWWxnpZPLaNTjCj4tkE3fjbAoo0qmpGw0PYYqSbX/4ebnd9Icn8ZgK4K1fvDyEtW1JYtQ==",
      "requires": {
        "pvutils": "^1.0.17"
      }
    },
    "asynckit": {
      "version": "0.4.0",
      "resolved": "https://registry.npmjs.org/asynckit/-/asynckit-0.4.0.tgz",
      "integrity": "sha1-x57Zf380y48robyXkLzDZkdLS3k=",
      "dev": true
    },
    "base64url": {
      "version": "3.0.1",
      "resolved": "https://registry.npmjs.org/base64url/-/base64url-3.0.1.tgz",
      "integrity": "sha512-ir1UPr3dkwexU7FdV8qBBbNDRUhMmIekYMFZfi+C/sLNnRESKPl23nB9b2pltqfOQNnGzsDdId90AEtG5tCx4A=="
    },
    "bignumber.js": {
      "version": "9.0.0",
      "resolved": "https://registry.npmjs.org/bignumber.js/-/bignumber.js-9.0.0.tgz",
      "integrity": "sha512-t/OYhhJ2SD+YGBQcjY8GzzDHEk9f3nerxjtfa6tlMXfe7frs/WozhvCNoGvpM0P3bNf3Gq5ZRMlGr5f3r4/N8A=="
    },
    "bn.js": {
      "version": "4.11.9",
      "resolved": "https://registry.npmjs.org/bn.js/-/bn.js-4.11.9.tgz",
      "integrity": "sha512-E6QoYqCKZfgatHTdHzs1RRKP7ip4vvm+EyRUeE2RF0NblwVvb0p6jSVeNTOFxPn26QXN2o6SMfNxKp6kU8zQaw=="
    },
    "brorand": {
      "version": "1.1.0",
      "resolved": "https://registry.npmjs.org/brorand/-/brorand-1.1.0.tgz",
      "integrity": "sha1-EsJe/kCkXjwyPrhnWgoM5XsiNx8="
    },
    "cbor": {
      "version": "5.0.2",
      "resolved": "https://registry.npmjs.org/cbor/-/cbor-5.0.2.tgz",
      "integrity": "sha512-6JiKVURxxO92FntzTJq54QdN/8fBaBwD7+nNyGIAi1HL9mBgU3YK6ULV8k7WTuT/EwfRsjy3MuqDKlkQMCmfXg==",
      "requires": {
        "bignumber.js": "^9.0.0",
        "nofilter": "^1.0.3"
      }
    },
    "combined-stream": {
      "version": "1.0.8",
      "resolved": "https://registry.npmjs.org/combined-stream/-/combined-stream-1.0.8.tgz",
      "integrity": "sha512-FQN4MRfuJeHf7cBbBMJFXhKSDq+2kAArBlmRBvcvFE5BB1HZKXtSFASDhdlz9zOYwxh8lDdnvmMOe/+5cdoEdg==",
      "dev": true,
      "requires": {
        "delayed-stream": "~1.0.0"
      }
    },
    "delayed-stream": {
      "version": "1.0.0",
      "resolved": "https://registry.npmjs.org/delayed-stream/-/delayed-stream-1.0.0.tgz",
      "integrity": "sha1-3zrhmayt+31ECqrgsp4icrJOxhk=",
      "dev": true
    },
    "elliptic": {
      "version": "6.5.3",
      "resolved": "https://registry.npmjs.org/elliptic/-/elliptic-6.5.3.tgz",
      "integrity": "sha512-IMqzv5wNQf+E6aHeIqATs0tOLeOTwj1QKbRcS3jBbYkl5oLAserA8yJTT7/VyHUYG91PRmPyeQDObKLPpeS4dw==",
      "requires": {
        "bn.js": "^4.4.0",
        "brorand": "^1.0.1",
        "hash.js": "^1.0.0",
        "hmac-drbg": "^1.0.0",
        "inherits": "^2.0.1",
        "minimalistic-assert": "^1.0.0",
        "minimalistic-crypto-utils": "^1.0.0"
      }
    },
    "form-data": {
      "version": "3.0.0",
      "resolved": "https://registry.npmjs.org/form-data/-/form-data-3.0.0.tgz",
      "integrity": "sha512-CKMFDglpbMi6PyN+brwB9Q/GOw0eAnsrEZDgcsH5Krhz5Od/haKHAX0NmQfha2zPPz0JpWzA7GJHGSnvCRLWsg==",
      "dev": true,
      "requires": {
        "asynckit": "^0.4.0",
        "combined-stream": "^1.0.8",
        "mime-types": "^2.1.12"
      }
    },
    "hash.js": {
      "version": "1.1.7",
      "resolved": "https://registry.npmjs.org/hash.js/-/hash.js-1.1.7.tgz",
      "integrity": "sha512-taOaskGt4z4SOANNseOviYDvjEJinIkRgmp7LbKP2YTTmVxWBl87s/uzK9r+44BclBSp2X7K1hqeNfz9JbBeXA==",
      "requires": {
        "inherits": "^2.0.3",
        "minimalistic-assert": "^1.0.1"
      }
    },
    "hmac-drbg": {
      "version": "1.0.1",
      "resolved": "https://registry.npmjs.org/hmac-drbg/-/hmac-drbg-1.0.1.tgz",
      "integrity": "sha1-0nRXAQJabHdabFRXk+1QL8DGSaE=",
      "requires": {
        "hash.js": "^1.0.3",
        "minimalistic-assert": "^1.0.0",
        "minimalistic-crypto-utils": "^1.0.1"
      }
    },
    "inherits": {
      "version": "2.0.4",
      "resolved": "https://registry.npmjs.org/inherits/-/inherits-2.0.4.tgz",
      "integrity": "sha512-k/vGaX4/Yla3WzyMCvTQOXYeIHvqOKtnqBduzTHpzpQZzAskKMhZ2K+EnBiSM9zGSoIFeMpXKxa4dYeZIQqewQ=="
    },
    "ipaddr.js": {
      "version": "2.0.0",
      "resolved": "https://registry.npmjs.org/ipaddr.js/-/ipaddr.js-2.0.0.tgz",
      "integrity": "sha512-S54H9mIj0rbxRIyrDMEuuER86LdlgUg9FSeZ8duQb6CUG2iRrA36MYVQBSprTF/ZeAwvyQ5mDGuNvIPM0BIl3w=="
    },
    "jsrsasign": {
      "version": "8.0.20",
      "resolved": "https://registry.npmjs.org/jsrsasign/-/jsrsasign-8.0.20.tgz",
      "integrity": "sha512-JTXt9+nqdynIB8wFsS6e8ffHhIjilhywXwdaEVHSj9OVmwldG2H0EoCqkQ+KXkm2tVqREfH/HEmklY4k1/6Rcg=="
    },
    "jwk-to-pem": {
      "version": "2.0.4",
      "resolved": "https://registry.npmjs.org/jwk-to-pem/-/jwk-to-pem-2.0.4.tgz",
      "integrity": "sha512-4CCK9UBHNWjWtfSHdyu3I6rA8vlN5cWqnVuwY0cOMyXtw6M1tP+yrM8GZpwk+P932Dc3cLag4d35B6CqyIf89A==",
      "requires": {
        "asn1.js": "^5.3.0",
        "elliptic": "^6.5.3",
        "safe-buffer": "^5.0.1"
      }
    },
    "mime-db": {
      "version": "1.44.0",
      "resolved": "https://registry.npmjs.org/mime-db/-/mime-db-1.44.0.tgz",
      "integrity": "sha512-/NOTfLrsPBVeH7YtFPgsVWveuL+4SjjYxaQ1xtM1KMFj7HdxlBlxeyNLzhyJVx7r4rZGJAZ/6lkKCitSc/Nmpg==",
      "dev": true
    },
    "mime-types": {
      "version": "2.1.27",
      "resolved": "https://registry.npmjs.org/mime-types/-/mime-types-2.1.27.tgz",
      "integrity": "sha512-JIhqnCasI9yD+SsmkquHBxTSEuZdQX5BuQnS2Vc7puQQQ+8yiP5AY5uWhpdv4YL4VM5c6iliiYWPgJ/nJQLp7w==",
      "dev": true,
      "requires": {
        "mime-db": "1.44.0"
      }
    },
    "minimalistic-assert": {
      "version": "1.0.1",
      "resolved": "https://registry.npmjs.org/minimalistic-assert/-/minimalistic-assert-1.0.1.tgz",
      "integrity": "sha512-UtJcAD4yEaGtjPezWuO9wC4nwUnVH/8/Im3yEHQP4b67cXlD/Qr9hdITCU1xDbSEXg2XKNaP8jsReV7vQd00/A=="
    },
    "minimalistic-crypto-utils": {
      "version": "1.0.1",
      "resolved": "https://registry.npmjs.org/minimalistic-crypto-utils/-/minimalistic-crypto-utils-1.0.1.tgz",
      "integrity": "sha1-9sAMHAsIIkblxNmd+4x8CDsrWCo="
    },
    "node-rsa": {
      "version": "1.1.1",
      "resolved": "https://registry.npmjs.org/node-rsa/-/node-rsa-1.1.1.tgz",
      "integrity": "sha512-Jd4cvbJMryN21r5HgxQOpMEqv+ooke/korixNNK3mGqfGJmy0M77WDDzo/05969+OkMy3XW1UuZsSmW9KQm7Fw==",
      "requires": {
        "asn1": "^0.2.4"
      }
    },
    "nofilter": {
      "version": "1.0.3",
      "resolved": "https://registry.npmjs.org/nofilter/-/nofilter-1.0.3.tgz",
      "integrity": "sha512-FlUlqwRK6reQCaFLAhMcF+6VkVG2caYjKQY3YsRDTl4/SEch595Qb3oLjJRDr8dkHAAOVj2pOx3VknfnSgkE5g=="
    },
    "pvtsutils": {
      "version": "1.0.14",
      "resolved": "https://registry.npmjs.org/pvtsutils/-/pvtsutils-1.0.14.tgz",
      "integrity": "sha512-X9SBWQ9ceNAEEgLweoE7m7P6LDnZ3pZADBq7utQQV4pQ1vj7uQIAXaAQRCz/4nKLKQRT9ZrHOuxailKqBiztrg==",
      "requires": {
        "tslib": "^2.0.1"
      }
    },
    "pvutils": {
      "version": "1.0.17",
      "resolved": "https://registry.npmjs.org/pvutils/-/pvutils-1.0.17.tgz",
      "integrity": "sha512-wLHYUQxWaXVQvKnwIDWFVKDJku9XDCvyhhxoq8dc5MFdIlRenyPI9eSfEtcvgHgD7FlvCyGAlWgOzRnZD99GZQ=="
    },
    "safe-buffer": {
      "version": "5.2.1",
      "resolved": "https://registry.npmjs.org/safe-buffer/-/safe-buffer-5.2.1.tgz",
      "integrity": "sha512-rp3So07KcdmmKbGvgaNxQSJr7bGVSVk5S9Eq1F+ppbRo70+YeaDxkw5Dd8NPN+GD6bjnYm2VuPuCXmpuYvmCXQ=="
    },
    "safer-buffer": {
      "version": "2.1.2",
      "resolved": "https://registry.npmjs.org/safer-buffer/-/safer-buffer-2.1.2.tgz",
      "integrity": "sha512-YZo3K82SD7Riyi0E1EQPojLz7kpepnSQI9IyPbHHg1XXXevb5dJI7tpyN2ADxGcQbHG7vcyRHk0cbwqcQriUtg=="
    },
    "tslib": {
      "version": "2.0.3",
      "resolved": "https://registry.npmjs.org/tslib/-/tslib-2.0.3.tgz",
      "integrity": "sha512-uZtkfKblCEQtZKBF6EBXVZeQNl82yqtDQdv+eck8u7tdPxjLu2/lp5/uPW+um2tpuxINHWy3GhiccY7QgEaVHQ=="
    }
  }
}
